// !$*UTF8*$!
{
	archiveVersion = 1;
	classes = {
	};
	objectVersion = 48;
	objects = {

/* Begin PBXBuildFile section */
		4BBECE3620035070004EEAC2 /* AppDelegate.swift in Sources */ = {isa = PBXBuildFile; fileRef = 4BBECE3520035070004EEAC2 /* AppDelegate.swift */; };
		4BBECE3820035070004EEAC2 /* ViewController.swift in Sources */ = {isa = PBXBuildFile; fileRef = 4BBECE3720035070004EEAC2 /* ViewController.swift */; };
		4BBECE3B20035070004EEAC2 /* Main.storyboard in Resources */ = {isa = PBXBuildFile; fileRef = 4BBECE3920035070004EEAC2 /* Main.storyboard */; };
		4BBECE3D20035070004EEAC2 /* Assets.xcassets in Resources */ = {isa = PBXBuildFile; fileRef = 4BBECE3C20035070004EEAC2 /* Assets.xcassets */; };
		4BBECE4020035070004EEAC2 /* LaunchScreen.storyboard in Resources */ = {isa = PBXBuildFile; fileRef = 4BBECE3E20035070004EEAC2 /* LaunchScreen.storyboard */; };
		4BBECE4F2003638D004EEAC2 /* NotificationService.swift in Sources */ = {isa = PBXBuildFile; fileRef = 4BBECE4E2003638D004EEAC2 /* NotificationService.swift */; };
		4BBECE532003638D004EEAC2 /* notify.appex in Embed App Extensions */ = {isa = PBXBuildFile; fileRef = 4BBECE4C2003638D004EEAC2 /* notify.appex */; settings = {ATTRIBUTES = (RemoveHeadersOnCopy, ); }; };
/* End PBXBuildFile section */

/* Begin PBXContainerItemProxy section */
		4BBECE512003638D004EEAC2 /* PBXContainerItemProxy */ = {
			isa = PBXContainerItemProxy;
			containerPortal = 4BBECE2A20035070004EEAC2 /* Project object */;
			proxyType = 1;
			remoteGlobalIDString = 4BBECE4B2003638D004EEAC2;
			remoteInfo = notify;
		};
/* End PBXContainerItemProxy section */

/* Begin PBXCopyFilesBuildPhase section */
		4BBECE572003638D004EEAC2 /* Embed App Extensions */ = {
			isa = PBXCopyFilesBuildPhase;
			buildActionMask = 2147483647;
			dstPath = "";
			dstSubfolderSpec = 13;
			files = (
				4BBECE532003638D004EEAC2 /* notify.appex in Embed App Extensions */,
			);
			name = "Embed App Extensions";
			runOnlyForDeploymentPostprocessing = 0;
		};
/* End PBXCopyFilesBuildPhase section */

/* Begin PBXFileReference section */
		4BBECE3220035070004EEAC2 /* RichNotification.app */ = {isa = PBXFileReference; explicitFileType = wrapper.application; includeInIndex = 0; path = RichNotification.app; sourceTree = BUILT_PRODUCTS_DIR; };
		4BBECE3520035070004EEAC2 /* AppDelegate.swift */ = {isa = PBXFileReference; lastKnownFileType = sourcecode.swift; path = AppDelegate.swift; sourceTree = "<group>"; };
		4BBECE3720035070004EEAC2 /* ViewController.swift */ = {isa = PBXFileReference; lastKnownFileType = sourcecode.swift; path = ViewController.swift; sourceTree = "<group>"; };
		4BBECE3A20035070004EEAC2 /* Base */ = {isa = PBXFileReference; lastKnownFileType = file.storyboard; name = Base; path = Base.lproj/Main.storyboard; sourceTree = "<group>"; };
		4BBECE3C20035070004EEAC2 /* Assets.xcassets */ = {isa = PBXFileReference; lastKnownFileType = folder.assetcatalog; path = Assets.xcassets; sourceTree = "<group>"; };
		4BBECE3F20035070004EEAC2 /* Base */ = {isa = PBXFileReference; lastKnownFileType = file.storyboard; name = Base; path = Base.lproj/LaunchScreen.storyboard; sourceTree = "<group>"; };
		4BBECE4120035070004EEAC2 /* Info.plist */ = {isa = PBXFileReference; lastKnownFileType = text.plist.xml; path = Info.plist; sourceTree = "<group>"; };
		4BBECE472003510E004EEAC2 /* RichNotification.entitlements */ = {isa = PBXFileReference; lastKnownFileType = text.plist.entitlements; path = RichNotification.entitlements; sourceTree = "<group>"; };
		4BBECE4C2003638D004EEAC2 /* notify.appex */ = {isa = PBXFileReference; explicitFileType = "wrapper.app-extension"; includeInIndex = 0; path = notify.appex; sourceTree = BUILT_PRODUCTS_DIR; };
		4BBECE4E2003638D004EEAC2 /* NotificationService.swift */ = {isa = PBXFileReference; lastKnownFileType = sourcecode.swift; path = NotificationService.swift; sourceTree = "<group>"; };
		4BBECE502003638D004EEAC2 /* Info.plist */ = {isa = PBXFileReference; lastKnownFileType = text.plist.xml; path = Info.plist; sourceTree = "<group>"; };
/* End PBXFileReference section */

/* Begin PBXFrameworksBuildPhase section */
		4BBECE2F20035070004EEAC2 /* Frameworks */ = {
			isa = PBXFrameworksBuildPhase;
			buildActionMask = 2147483647;
			files = (
			);
			runOnlyForDeploymentPostprocessing = 0;
		};
		4BBECE492003638D004EEAC2 /* Frameworks */ = {
			isa = PBXFrameworksBuildPhase;
			buildActionMask = 2147483647;
			files = (
			);
			runOnlyForDeploymentPostprocessing = 0;
		};
/* End PBXFrameworksBuildPhase section */

/* Begin PBXGroup section */
		4BBECE2920035070004EEAC2 = {
			isa = PBXGroup;
			children = (
				4BBECE3420035070004EEAC2 /* RichNotification */,
				4BBECE4D2003638D004EEAC2 /* notify */,
				4BBECE3320035070004EEAC2 /* Products */,
			);
			sourceTree = "<group>";
		};
		4BBECE3320035070004EEAC2 /* Products */ = {
			isa = PBXGroup;
			children = (
				4BBECE3220035070004EEAC2 /* RichNotification.app */,
				4BBECE4C2003638D004EEAC2 /* notify.appex */,
			);
			name = Products;
			sourceTree = "<group>";
		};
		4BBECE3420035070004EEAC2 /* RichNotification */ = {
			isa = PBXGroup;
			children = (
				4BBECE472003510E004EEAC2 /* RichNotification.entitlements */,
				4BBECE3520035070004EEAC2 /* AppDelegate.swift */,
				4BBECE3720035070004EEAC2 /* ViewController.swift */,
				4BBECE3920035070004EEAC2 /* Main.storyboard */,
				4BBECE3C20035070004EEAC2 /* Assets.xcassets */,
				4BBECE3E20035070004EEAC2 /* LaunchScreen.storyboard */,
				4BBECE4120035070004EEAC2 /* Info.plist */,
			);
			path = RichNotification;
			sourceTree = "<group>";
		};
		4BBECE4D2003638D004EEAC2 /* notify */ = {
			isa = PBXGroup;
			children = (
				4BBECE4E2003638D004EEAC2 /* NotificationService.swift */,
				4BBECE502003638D004EEAC2 /* Info.plist */,
			);
			path = notify;
			sourceTree = "<group>";
		};
/* End PBXGroup section */

/* Begin PBXNativeTarget section */
		4BBECE3120035070004EEAC2 /* RichNotification */ = {
			isa = PBXNativeTarget;
			buildConfigurationList = 4BBECE4420035070004EEAC2 /* Build configuration list for PBXNativeTarget "RichNotification" */;
			buildPhases = (
				4BBECE2E20035070004EEAC2 /* Sources */,
				4BBECE2F20035070004EEAC2 /* Frameworks */,
				4BBECE3020035070004EEAC2 /* Resources */,
				4BBECE572003638D004EEAC2 /* Embed App Extensions */,
			);
			buildRules = (
			);
			dependencies = (
				4BBECE522003638D004EEAC2 /* PBXTargetDependency */,
			);
			name = RichNotification;
			productName = RichNotification;
			productReference = 4BBECE3220035070004EEAC2 /* RichNotification.app */;
			productType = "com.apple.product-type.application";
		};
		4BBECE4B2003638D004EEAC2 /* notify */ = {
			isa = PBXNativeTarget;
			buildConfigurationList = 4BBECE542003638D004EEAC2 /* Build configuration list for PBXNativeTarget "notify" */;
			buildPhases = (
				4BBECE482003638D004EEAC2 /* Sources */,
				4BBECE492003638D004EEAC2 /* Frameworks */,
				4BBECE4A2003638D004EEAC2 /* Resources */,
			);
			buildRules = (
			);
			dependencies = (
			);
			name = notify;
			productName = notify;
			productReference = 4BBECE4C2003638D004EEAC2 /* notify.appex */;
			productType = "com.apple.product-type.app-extension";
		};
/* End PBXNativeTarget section */

/* Begin PBXProject section */
		4BBECE2A20035070004EEAC2 /* Project object */ = {
			isa = PBXProject;
			attributes = {
				LastSwiftUpdateCheck = 0920;
				LastUpgradeCheck = 0920;
				ORGANIZATIONNAME = "Nitin Bhatia";
				TargetAttributes = {
					4BBECE3120035070004EEAC2 = {
						CreatedOnToolsVersion = 9.2;
						ProvisioningStyle = Automatic;
						SystemCapabilities = {
							com.apple.Push = {
								enabled = 1;
							};
						};
					};
					4BBECE4B2003638D004EEAC2 = {
						CreatedOnToolsVersion = 9.2;
						ProvisioningStyle = Automatic;
					};
				};
			};
			buildConfigurationList = 4BBECE2D20035070004EEAC2 /* Build configuration list for PBXProject "RichNotification" */;
			compatibilityVersion = "Xcode 8.0";
			developmentRegion = en;
			hasScannedForEncodings = 0;
			knownRegions = (
				en,
				Base,
			);
			mainGroup = 4BBECE2920035070004EEAC2;
			productRefGroup = 4BBECE3320035070004EEAC2 /* Products */;
			projectDirPath = "";
			projectRoot = "";
			targets = (
				4BBECE3120035070004EEAC2 /* RichNotification */,
				4BBECE4B2003638D004EEAC2 /* notify */,
			);
		};
/* End PBXProject section */

/* Begin PBXResourcesBuildPhase section */
		4BBECE3020035070004EEAC2 /* Resources */ = {
			isa = PBXResourcesBuildPhase;
			buildActionMask = 2147483647;
			files = (
				4BBECE4020035070004EEAC2 /* LaunchScreen.storyboard in Resources */,
				4BBECE3D20035070004EEAC2 /* Assets.xcassets in Resources */,
				4BBECE3B20035070004EEAC2 /* Main.storyboard in Resources */,
			);
			runOnlyForDeploymentPostprocessing = 0;
		};
		4BBECE4A2003638D004EEAC2 /* Resources */ = {
			isa = PBXResourcesBuildPhase;
			buildActionMask = 2147483647;
			files = (
			);
			runOnlyForDeploymentPostprocessing = 0;
		};
/* End PBXResourcesBuildPhase section */

/* Begin PBXSourcesBuildPhase section */
		4BBECE2E20035070004EEAC2 /* Sources */ = {
			isa = PBXSourcesBuildPhase;
			buildActionMask = 2147483647;
			files = (
				4BBECE3820035070004EEAC2 /* ViewController.swift in Sources */,
				4BBECE3620035070004EEAC2 /* AppDelegate.swift in Sources */,
			);
			runOnlyForDeploymentPostprocessing = 0;
		};
		4BBECE482003638D004EEAC2 /* Sources */ = {
			isa = PBXSourcesBuildPhase;
			buildActionMask = 2147483647;
			files = (
				4BBECE4F2003638D004EEAC2 /* NotificationService.swift in Sources */,
			);
			runOnlyForDeploymentPostprocessing = 0;
		};
/* End PBXSourcesBuildPhase section */

/* Begin PBXTargetDependency section */
		4BBECE522003638D004EEAC2 /* PBXTargetDependency */ = {
			isa = PBXTargetDependency;
			target = 4BBECE4B2003638D004EEAC2 /* notify */;
			targetProxy = 4BBECE512003638D004EEAC2 /* PBXContainerItemProxy */;
		};
/* End PBXTargetDependency section */

/* Begin PBXVariantGroup section */
		4BBECE3920035070004EEAC2 /* Main.storyboard */ = {
			isa = PBXVariantGroup;
			children = (
				4BBECE3A20035070004EEAC2 /* Base */,
			);
			name = Main.storyboard;
			sourceTree = "<group>";
		};
		4BBECE3E20035070004EEAC2 /* LaunchScreen.storyboard */ = {
			isa = PBXVariantGroup;
			children = (
				4BBECE3F20035070004EEAC2 /* Base */,
			);
			name = LaunchScreen.storyboard;
			sourceTree = "<group>";
		};
/* End PBXVariantGroup section */

/* Begin XCBuildConfiguration section */
		4BBECE4220035070004EEAC2 /* Debug */ = {
			isa = XCBuildConfiguration;
			buildSettings = {
				ALWAYS_SEARCH_USER_PATHS = NO;
				CLANG_ANALYZER_NONNULL = YES;
				CLANG_ANALYZER_NUMBER_OBJECT_CONVERSION = YES_AGGRESSIVE;
				CLANG_CXX_LANGUAGE_STANDARD = "gnu++14";
				CLANG_CXX_LIBRARY = "libc++";
				CLANG_ENABLE_MODULES = YES;
				CLANG_ENABLE_OBJC_ARC = YES;
				CLANG_WARN_BLOCK_CAPTURE_AUTORELEASING = YES;
				CLANG_WARN_BOOL_CONVERSION = YES;
				CLANG_WARN_COMMA = YES;
				CLANG_WARN_CONSTANT_CONVERSION = YES;
				CLANG_WARN_DIRECT_OBJC_ISA_USAGE = YES_ERROR;
				CLANG_WARN_DOCUMENTATION_COMMENTS = YES;
				CLANG_WARN_EMPTY_BODY = YES;
				CLANG_WARN_ENUM_CONVERSION = YES;
				CLANG_WARN_INFINITE_RECURSION = YES;
				CLANG_WARN_INT_CONVERSION = YES;
				CLANG_WARN_NON_LITERAL_NULL_CONVERSION = YES;
				CLANG_WARN_OBJC_LITERAL_CONVERSION = YES;
				CLANG_WARN_OBJC_ROOT_CLASS = YES_ERROR;
				CLANG_WARN_RANGE_LOOP_ANALYSIS = YES;
				CLANG_WARN_STRICT_PROTOTYPES = YES;
				CLANG_WARN_SUSPICIOUS_MOVE = YES;
				CLANG_WARN_UNGUARDED_AVAILABILITY = YES_AGGRESSIVE;
				CLANG_WARN_UNREACHABLE_CODE = YES;
				CLANG_WARN__DUPLICATE_METHOD_MATCH = YES;
				CODE_SIGN_IDENTITY = "iPhone Developer";
				COPY_PHASE_STRIP = NO;
				DEBUG_INFORMATION_FORMAT = dwarf;
				ENABLE_STRICT_OBJC_MSGSEND = YES;
				ENABLE_TESTABILITY = YES;
				GCC_C_LANGUAGE_STANDARD = gnu11;
				GCC_DYNAMIC_NO_PIC = NO;
				GCC_NO_COMMON_BLOCKS = YES;
				GCC_OPTIMIZATION_LEVEL = 0;
				GCC_PREPROCESSOR_DEFINITIONS = (
					"DEBUG=1",
					"$(inherited)",
				);
				GCC_WARN_64_TO_32_BIT_CONVERSION = YES;
				GCC_WARN_ABOUT_RETURN_TYPE = YES_ERROR;
				GCC_WARN_UNDECLARED_SELECTOR = YES;
				GCC_WARN_UNINITIALIZED_AUTOS = YES_AGGRESSIVE;
				GCC_WARN_UNUSED_FUNCTION = YES;
				GCC_WARN_UNUSED_VARIABLE = YES;
				IPHONEOS_DEPLOYMENT_TARGET = 11.2;
				MTL_ENABLE_DEBUG_INFO = YES;
				ONLY_ACTIVE_ARCH = YES;
				SDKROOT = iphoneos;
				SWIFT_ACTIVE_COMPILATION_CONDITIONS = DEBUG;
				SWIFT_OPTIMIZATION_LEVEL = "-Onone";
			};
			name = Debug;
		};
		4BBECE4320035070004EEAC2 /* Release */ = {
			isa = XCBuildConfiguration;
			buildSettings = {
				ALWAYS_SEARCH_USER_PATHS = NO;
				CLANG_ANALYZER_NONNULL = YES;
				CLANG_ANALYZER_NUMBER_OBJECT_CONVERSION = YES_AGGRESSIVE;
				CLANG_CXX_LANGUAGE_STANDARD = "gnu++14";
				CLANG_CXX_LIBRARY = "libc++";
				CLANG_ENABLE_MODULES = YES;
				CLANG_ENABLE_OBJC_ARC = YES;
				CLANG_WARN_BLOCK_CAPTURE_AUTORELEASING = YES;
				CLANG_WARN_BOOL_CONVERSION = YES;
				CLANG_WARN_COMMA = YES;
				CLANG_WARN_CONSTANT_CONVERSION = YES;
				CLANG_WARN_DIRECT_OBJC_ISA_USAGE = YES_ERROR;
				CLANG_WARN_DOCUMENTATION_COMMENTS = YES;
				CLANG_WARN_EMPTY_BODY = YES;
				CLANG_WARN_ENUM_CONVERSION = YES;
				CLANG_WARN_INFINITE_RECURSION = YES;
				CLANG_WARN_INT_CONVERSION = YES;
				CLANG_WARN_NON_LITERAL_NULL_CONVERSION = YES;
				CLANG_WARN_OBJC_LITERAL_CONVERSION = YES;
				CLANG_WARN_OBJC_ROOT_CLASS = YES_ERROR;
				CLANG_WARN_RANGE_LOOP_ANALYSIS = YES;
				CLANG_WARN_STRICT_PROTOTYPES = YES;
				CLANG_WARN_SUSPICIOUS_MOVE = YES;
				CLANG_WARN_UNGUARDED_AVAILABILITY = YES_AGGRESSIVE;
				CLANG_WARN_UNREACHABLE_CODE = YES;
				CLANG_WARN__DUPLICATE_METHOD_MATCH = YES;
				CODE_SIGN_IDENTITY = "iPhone Developer";
				COPY_PHASE_STRIP = NO;
				DEBUG_INFORMATION_FORMAT = "dwarf-with-dsym";
				ENABLE_NS_ASSERTIONS = NO;
				ENABLE_STRICT_OBJC_MSGSEND = YES;
				GCC_C_LANGUAGE_STANDARD = gnu11;
				GCC_NO_COMMON_BLOCKS = YES;
				GCC_WARN_64_TO_32_BIT_CONVERSION = YES;
				GCC_WARN_ABOUT_RETURN_TYPE = YES_ERROR;
				GCC_WARN_UNDECLARED_SELECTOR = YES;
				GCC_WARN_UNINITIALIZED_AUTOS = YES_AGGRESSIVE;
				GCC_WARN_UNUSED_FUNCTION = YES;
				GCC_WARN_UNUSED_VARIABLE = YES;
				IPHONEOS_DEPLOYMENT_TARGET = 11.2;
				MTL_ENABLE_DEBUG_INFO = NO;
				SDKROOT = iphoneos;
				SWIFT_OPTIMIZATION_LEVEL = "-Owholemodule";
				VALIDATE_PRODUCT = YES;
			};
			name = Release;
		};
		4BBECE4520035070004EEAC2 /* Debug */ = {
			isa = XCBuildConfiguration;
			buildSettings = {
				ALWAYS_EMBED_SWIFT_STANDARD_LIBRARIES = YES;
				ASSETCATALOG_COMPILER_APPICON_NAME = AppIcon;
				CODE_SIGN_ENTITLEMENTS = RichNotification/RichNotification.entitlements;
				"CODE_SIGN_IDENTITY[sdk=iphoneos*]" = "iPhone Developer";
				CODE_SIGN_STYLE = Automatic;
				DEVELOPMENT_TEAM = SF78HV8BZS;
				INFOPLIST_FILE = RichNotification/Info.plist;
				LD_RUNPATH_SEARCH_PATHS = "$(inherited) @executable_path/Frameworks";
				PRODUCT_BUNDLE_IDENTIFIER = com.dem.RichNotification;
				PRODUCT_NAME = "$(TARGET_NAME)";
				PROVISIONING_PROFILE_SPECIFIER = "";
				SWIFT_VERSION = 4.0;
				TARGETED_DEVICE_FAMILY = "1,2";
			};
			name = Debug;
		};
		4BBECE4620035070004EEAC2 /* Release */ = {
			isa = XCBuildConfiguration;
			buildSettings = {
				ALWAYS_EMBED_SWIFT_STANDARD_LIBRARIES = YES;
				ASSETCATALOG_COMPILER_APPICON_NAME = AppIcon;
				CODE_SIGN_ENTITLEMENTS = RichNotification/RichNotification.entitlements;
				"CODE_SIGN_IDENTITY[sdk=iphoneos*]" = "iPhone Developer";
				CODE_SIGN_STYLE = Automatic;
				DEVELOPMENT_TEAM = SF78HV8BZS;
				INFOPLIST_FILE = RichNotification/Info.plist;
				LD_RUNPATH_SEARCH_PATHS = "$(inherited) @executable_path/Frameworks";
				PRODUCT_BUNDLE_IDENTIFIER = com.dem.RichNotification;
				PRODUCT_NAME = "$(TARGET_NAME)";
				PROVISIONING_PROFILE_SPECIFIER = "";
				SWIFT_VERSION = 4.0;
				TARGETED_DEVICE_FAMILY = "1,2";
			};
			name = Release;
		};
		4BBECE552003638D004EEAC2 /* Debug */ = {
			isa = XCBuildConfiguration;
			buildSettings = {
				CODE_SIGN_STYLE = Automatic;
				DEVELOPMENT_TEAM = SF78HV8BZS;
				INFOPLIST_FILE = notify/Info.plist;
				IPHONEOS_DEPLOYMENT_TARGET = 10.0;
				LD_RUNPATH_SEARCH_PATHS = "$(inherited) @executable_path/Frameworks @executable_path/../../Frameworks";
				PRODUCT_BUNDLE_IDENTIFIER = com.dem.RichNotification.notify;
				PRODUCT_NAME = "$(TARGET_NAME)";
				SKIP_INSTALL = YES;
				SWIFT_VERSION = 4.0;
				TARGETED_DEVICE_FAMILY = "1,2";
			};
			name = Debug;
		};
		4BBECE562003638D004EEAC2 /* Release */ = {
			isa = XCBuildConfiguration;
			buildSettings = {
				CODE_SIGN_STYLE = Automatic;
				DEVELOPMENT_TEAM = SF78HV8BZS;
				INFOPLIST_FILE = notify/Info.plist;
				IPHONEOS_DEPLOYMENT_TARGET = 10.0;
				LD_RUNPATH_SEARCH_PATHS = "$(inherited) @executable_path/Frameworks @executable_path/../../Frameworks";
				PRODUCT_BUNDLE_IDENTIFIER = com.dem.RichNotification.notify;
				PRODUCT_NAME = "$(TARGET_NAME)";
				SKIP_INSTALL = YES;
				SWIFT_VERSION = 4.0;
				TARGETED_DEVICE_FAMILY = "1,2";
			};
			name = Release;
		};
/* End XCBuildConfiguration section */

/* Begin XCConfigurationList section */
		4BBECE2D20035070004EEAC2 /* Build configuration list for PBXProject "RichNotification" */ = {
			isa = XCConfigurationList;
			buildConfigurations = (
				4BBECE4220035070004EEAC2 /* Debug */,
				4BBECE4320035070004EEAC2 /* Release */,
			);
			defaultConfigurationIsVisible = 0;
			defaultConfigurationName = Release;
		};
		4BBECE4420035070004EEAC2 /* Build configuration list for PBXNativeTarget "RichNotification" */ = {
			isa = XCConfigurationList;
			buildConfigurations = (
				4BBECE4520035070004EEAC2 /* Debug */,
				4BBECE4620035070004EEAC2 /* Release */,
			);
			defaultConfigurationIsVisible = 0;
			defaultConfigurationName = Release;
		};
		4BBECE542003638D004EEAC2 /* Build configuration list for PBXNativeTarget "notify" */ = {
			isa = XCConfigurationList;
			buildConfigurations = (
				4BBECE552003638D004EEAC2 /* Debug */,
				4BBECE562003638D004EEAC2 /* Release */,
			);
			defaultConfigurationIsVisible = 0;
			defaultConfigurationName = Release;
		};
/* End XCConfigurationList section */
	};
	rootObject = 4BBECE2A20035070004EEAC2 /* Project object */;
}
